{
  "name": "sll-linkedin-scrapper",
  "version": "1.0.0",
  "lockfileVersion": 2,
  "requires": true,
  "packages": {
    "": {
      "name": "sll-linkedin-scrapper",
      "version": "1.0.0",
      "license": "ISC",
      "dependencies": {
        "csv-writer": "^1.6.0",
        "json-2-csv": "^3.20.0"
      }
    },
    "node_modules/csv-writer": {
      "version": "1.6.0",
      "resolved": "https://registry.npmjs.org/csv-writer/-/csv-writer-1.6.0.tgz",
      "integrity": "sha512-NOx7YDFWEsM/fTRAJjRpPp8t+MKRVvniAg9wQlUKx20MFrPs73WLJhFf5iteqrxNYnsy924K3Iroh3yNHeYd2g=="
    },
    "node_modules/deeks": {
      "version": "2.6.1",
      "resolved": "https://registry.npmjs.org/deeks/-/deeks-2.6.1.tgz",
      "integrity": "sha512-PZrpz5xLo2JPZa3L+kqMMMdZU5pRwMysTM1xd6pLhNtgQw4Iq3wbF2QWaQTVh+HRq9Yg4rcjDIJ+scfGLxmsjQ==",
      "engines": {
        "node": ">= 12"
      }
    },
    "node_modules/doc-path": {
      "version": "3.1.0",
      "resolved": "https://registry.npmjs.org/doc-path/-/doc-path-3.1.0.tgz",
      "integrity": "sha512-Pv2hLQbUM8du5681lTWIYk0OtVBmNhMAeZNGeFhMMJBIR89Nw4XesBwee1Xtlfk83n71tn0Y6VsJOn4d3qIiTw==",
      "engines": {
        "node": ">=12"
      }
    },
    "node_modules/json-2-csv": {
      "version": "3.20.0",
      "resolved": "https://registry.npmjs.org/json-2-csv/-/json-2-csv-3.20.0.tgz",
      "integrity": "sha512-IbqUB+yaycVNB/q2fiY5kyRjy5kRiEXqvNvGlxM5L0Bfi0RdvklVHc4t9MfeYF1GsZVpZWDBs9LdWmSjsQ8jvg==",
      "dependencies": {
        "deeks": "2.6.1",
        "doc-path": "3.1.0"
      },
      "engines": {
        "node": ">= 12"
      }
    }
  },
  "dependencies": {
    "csv-writer": {
      "version": "1.6.0",
      "resolved": "https://registry.npmjs.org/csv-writer/-/csv-writer-1.6.0.tgz",
      "integrity": "sha512-NOx7YDFWEsM/fTRAJjRpPp8t+MKRVvniAg9wQlUKx20MFrPs73WLJhFf5iteqrxNYnsy924K3Iroh3yNHeYd2g=="
    },
    "deeks": {
      "version": "2.6.1",
      "resolved": "https://registry.npmjs.org/deeks/-/deeks-2.6.1.tgz",
      "integrity": "sha512-PZrpz5xLo2JPZa3L+kqMMMdZU5pRwMysTM1xd6pLhNtgQw4Iq3wbF2QWaQTVh+HRq9Yg4rcjDIJ+scfGLxmsjQ=="
    },
    "doc-path": {
      "version": "3.1.0",
      "resolved": "https://registry.npmjs.org/doc-path/-/doc-path-3.1.0.tgz",
      "integrity": "sha512-Pv2hLQbUM8du5681lTWIYk0OtVBmNhMAeZNGeFhMMJBIR89Nw4XesBwee1Xtlfk83n71tn0Y6VsJOn4d3qIiTw=="
    },
    "json-2-csv": {
      "version": "3.20.0",
      "resolved": "https://registry.npmjs.org/json-2-csv/-/json-2-csv-3.20.0.tgz",
      "integrity": "sha512-IbqUB+yaycVNB/q2fiY5kyRjy5kRiEXqvNvGlxM5L0Bfi0RdvklVHc4t9MfeYF1GsZVpZWDBs9LdWmSjsQ8jvg==",
      "requires": {
        "deeks": "2.6.1",
        "doc-path": "3.1.0"
      }
    }
  }
}
